Microsoft Visual Studio Solution File, Format Version 11.00
# Visual Studio 2008

Project("{94209174-EC71-8E62-30C9-CF575C23D1A6}") = "coRoutines", "Assembly-CSharp.csproj", "{0B99B880-3E65-CF28-1454-BB54E82C2080}"
EndProject
Global
	GlobalSection(SolutionConfigurationPlatforms) = preSolution
		Debug|Any CPU = Debug|Any CPU
		Release|Any CPU = Release|Any CPU
	EndGlobalSection
	GlobalSection(ProjectConfigurationPlatforms) = postSolution
		{0B99B880-3E65-CF28-1454-BB54E82C2080}.Debug|Any CPU.ActiveCfg = Debug|Any CPU
		{0B99B880-3E65-CF28-1454-BB54E82C2080}.Debug|Any CPU.Build.0 = Debug|Any CPU
		{0B99B880-3E65-CF28-1454-BB54E82C2080}.Release|Any CPU.ActiveCfg = Release|Any CPU
		{0B99B880-3E65-CF28-1454-BB54E82C2080}.Release|Any CPU.Build.0 = Release|Any CPU
	EndGlobalSection
	GlobalSection(SolutionProperties) = preSolution
		HideSolutionNode = FALSE
	EndGlobalSection
	GlobalSection(MonoDevelopProperties) = preSolution
		StartupItem = Assembly-CSharp.csproj
	EndGlobalSection
EndGlobal
