Microsoft Visual Studio Solution File, Format Version 11.00
# Visual Studio 2008

Project("{7574C2AF-8764-D4E6-3260-B915759E66C1}") = "wk5_CMM_Simon_Standbridge", "Assembly-CSharp.csproj", "{BEC181D1-96E3-48E6-43C1-32468EDFAF04}"
EndProject
Global
	GlobalSection(SolutionConfigurationPlatforms) = preSolution
		Debug|Any CPU = Debug|Any CPU
		Release|Any CPU = Release|Any CPU
	EndGlobalSection
	GlobalSection(ProjectConfigurationPlatforms) = postSolution
		{BEC181D1-96E3-48E6-43C1-32468EDFAF04}.Debug|Any CPU.ActiveCfg = Debug|Any CPU
		{BEC181D1-96E3-48E6-43C1-32468EDFAF04}.Debug|Any CPU.Build.0 = Debug|Any CPU
		{BEC181D1-96E3-48E6-43C1-32468EDFAF04}.Release|Any CPU.ActiveCfg = Release|Any CPU
		{BEC181D1-96E3-48E6-43C1-32468EDFAF04}.Release|Any CPU.Build.0 = Release|Any CPU
	EndGlobalSection
	GlobalSection(SolutionProperties) = preSolution
		HideSolutionNode = FALSE
	EndGlobalSection
	GlobalSection(MonoDevelopProperties) = preSolution
		StartupItem = Assembly-CSharp.csproj
	EndGlobalSection
EndGlobal
