Microsoft Visual Studio Solution File, Format Version 11.00
# Visual Studio 2008

Project("{ECAA4A57-DC65-DA09-FBBB-47AB255E3FC0}") = "wk4_CMM_Simon_Standbridge", "Assembly-CSharp.csproj", "{7D8CFCBF-FCA0-D2FD-729E-71761FB29BA1}"
EndProject
Global
	GlobalSection(SolutionConfigurationPlatforms) = preSolution
		Debug|Any CPU = Debug|Any CPU
		Release|Any CPU = Release|Any CPU
	EndGlobalSection
	GlobalSection(ProjectConfigurationPlatforms) = postSolution
		{7D8CFCBF-FCA0-D2FD-729E-71761FB29BA1}.Debug|Any CPU.ActiveCfg = Debug|Any CPU
		{7D8CFCBF-FCA0-D2FD-729E-71761FB29BA1}.Debug|Any CPU.Build.0 = Debug|Any CPU
		{7D8CFCBF-FCA0-D2FD-729E-71761FB29BA1}.Release|Any CPU.ActiveCfg = Release|Any CPU
		{7D8CFCBF-FCA0-D2FD-729E-71761FB29BA1}.Release|Any CPU.Build.0 = Release|Any CPU
	EndGlobalSection
	GlobalSection(SolutionProperties) = preSolution
		HideSolutionNode = FALSE
	EndGlobalSection
	GlobalSection(MonoDevelopProperties) = preSolution
		StartupItem = Assembly-CSharp.csproj
	EndGlobalSection
EndGlobal
